{
  "name": "popeye-gw-clock",
  "version": "1.2.0",
  "lockfileVersion": 3,
  "requires": true,
  "packages": {
    "": {
      "name": "popeye-gw-clock",
      "version": "1.2.0",
      "dependencies": {
        "@rebble/clay": "1.1.0",
        "moment": "2.30.1",
        "moment-timezone": "0.6.5"
      }
    },
    "node_modules/@rebble/clay": {
      "version": "1.1.0",
      "resolved": "https://registry.npmjs.org/@rebble/clay/-/clay-1.1.0.tgz",
      "integrity": "sha512-JiJdu0V9nR1lskp73g1wb7gCTA4I0GMTpDwmls6UpATiX96sBMT14EeZCwSFpsL8OkXfLI78O70lsgnM1V9Hzg==",
      "license": "MIT"
    },
    "node_modules/moment": {
      "version": "2.30.1",
      "resolved": "https://registry.npmjs.org/moment/-/moment-2.30.1.tgz",
      "integrity": "sha512-uEmtNhbDOrWPFS+hdjFCBfy9f2YoyzRpwcl+DqpC6taX21FzsTLQVbMV/W7PzNSX6x/bhC1zA3c2UQ5NzH6how==",
      "license": "MIT",
      "engines": {
        "node": "*"
      }
    },
    "node_modules/moment-timezone": {
      "version": "0.6.5",
      "resolved": "https://registry.npmjs.org/moment-timezone/-/moment-timezone-0.6.5.tgz",
      "integrity": "sha512-KKzZAxGv2Qx4cnk6eSlvf4C+DLFW52vmMY5MN7UARY7GONbozkutylQG3DrrtmLCTXdQ5XZrqao9cI16bLFzXA==",
      "license": "MIT",
      "dependencies": {
        "moment": "^2.29.4"
      },
      "engines": {
        "node": "*"
      }
    }
  }
}
